# This file is automatically @generated by Poetry 2.1.2 and should not be changed by hand.

[[package]]
name = "soia-client"
version = "1.0.12"
description = ""
optional = false
python-versions = ">=3.10"
groups = ["main"]
files = [
    {file = "soia_client-1.0.12-py3-none-any.whl", hash = "sha256:54d65be4145f861b92ce1a4a15d6addb705f142a82540ef61c29173f6c509c6d"},
    {file = "soia_client-1.0.12.tar.gz", hash = "sha256:c67c7ea4234f8fd4c6e690d66eccc8310a4e266dc34445df3d3f3a5bd8a9eb23"},
]

[metadata]
lock-version = "2.1"
python-versions = ">=3.10"
content-hash = "3d360ba7e969450f36e62de1339c31a523ad0a32bf3d6ec52e197fa6b6a2c814"
